PODS:
  - Nimble (8.0.5)
  - Quick (2.2.0)
  - ZZModule (0.1.0)

DEPENDENCIES:
  - Nimble
  - Quick
  - ZZModule (from `../`)

SPEC REPOS:
  trunk:
    - Nimble
    - Quick

EXTERNAL SOURCES:
  ZZModule:
    :path: "../"

SPEC CHECKSUMS:
  Nimble: 4ab1aeb9b45553c75b9687196b0fa0713170a332
  Quick: 7fb19e13be07b5dfb3b90d4f9824c855a11af40e
  ZZModule: 36d8e131f28e5319e71a3512390dec00ff89d446

PODFILE CHECKSUM: ebe3e16a2a60d7f65f71ba57f5d078b385123a0a

COCOAPODS: 1.8.4
