PODS:
  - Nimble (7.3.4)
  - Quick (1.2.0)
  - ZZModule (0.1.0)

DEPENDENCIES:
  - Nimble (~> 7.0)
  - Quick (~> 1.2.0)
  - ZZModule (from `../`)

SPEC REPOS:
  trunk:
    - Nimble
    - Quick

EXTERNAL SOURCES:
  ZZModule:
    :path: "../"

SPEC CHECKSUMS:
  Nimble: 051e3d8912d40138fa5591c78594f95fb172af37
  Quick: 58d203b1c5e27fff7229c4c1ae445ad7069a7a08
  ZZModule: 36d8e131f28e5319e71a3512390dec00ff89d446

PODFILE CHECKSUM: 16f5863d9848d6a77ee262edfa4e8b9eab1ea885

COCOAPODS: 1.8.4
